<?xml version="1.0" encoding="utf-8"?>
<Project ToolsVersion="4.0" xmlns="http://schemas.microsoft.com/developer/msbuild/2003">
  <ItemGroup>
    <Filter Include="Source Files">
      <UniqueIdentifier>{4FC737F1-C7A5-4376-A066-2A32D752A2FF}</UniqueIdentifier>
      <Extensions>cpp;c;cc;cxx;def;odl;idl;hpj;bat;asm;asmx</Extensions>
    </Filter>
    <Filter Include="Header Files">
      <UniqueIdentifier>{93995380-89BD-4b04-88EB-625FBE52EBFB}</UniqueIdentifier>
      <Extensions>h;hpp;hxx;hm;inl;inc;xsd</Extensions>
    </Filter>
    <Filter Include="Resource Files">
      <UniqueIdentifier>{67DA6AB6-F800-4c08-8B7A-83BB121AAD01}</UniqueIdentifier>
      <Extensions>rc;ico;cur;bmp;dlg;rc2;rct;bin;rgs;gif;jpg;jpeg;jpe;resx;tiff;tif;png;wav;mfcribbon-ms</Extensions>
    </Filter>
    <Filter Include="Detours">
      <UniqueIdentifier>{2255d91a-4fb7-448d-a5c5-c8f9d0a19ee3}</UniqueIdentifier>
    </Filter>
    <Filter Include="Core">
      <UniqueIdentifier>{b499ddbb-0da3-4f4a-a289-edb5d93da577}</UniqueIdentifier>
    </Filter>
    <Filter Include="Hooks">
      <UniqueIdentifier>{5ee718b3-f314-4cb3-9d2b-312e96e70c84}</UniqueIdentifier>
    </Filter>
    <Filter Include="Features">
      <UniqueIdentifier>{c41d60dd-34a5-406c-b87b-fbecd3969cef}</UniqueIdentifier>
    </Filter>
    <Filter Include="GUI">
      <UniqueIdentifier>{836825fb-4520-4e91-a9b5-581d6a58040b}</UniqueIdentifier>
    </Filter>
    <Filter Include="Vendor">
      <UniqueIdentifier>{72620b26-adcb-4888-a877-afab0e505448}</UniqueIdentifier>
    </Filter>
    <Filter Include="ImGui">
      <UniqueIdentifier>{a1b2c3d4-e5f6-4a5b-8c9d-0e1f2a3b4c5d}</UniqueIdentifier>
    </Filter>
  </ItemGroup>
  <ItemGroup>
    <ClInclude Include="Core\SdkIncludes.h">
      <Filter>Core</Filter>
    </ClInclude>
    <ClInclude Include="Core\VMTHook.h">
      <Filter>Core</Filter>
    </ClInclude>
    <ClInclude Include="Core\Logger.h">
      <Filter>Core</Filter>
    </ClInclude>
    <ClInclude Include="Core\ModuleBases.h">
      <Filter>Core</Filter>
    </ClInclude>
    <ClInclude Include="Core\Main.h">
      <Filter>Core</Filter>
    </ClInclude>
    <ClInclude Include="Core\Hook.h">
      <Filter>Core</Filter>
    </ClInclude>
    <ClInclude Include="Hooks\D3D9Hook.h">
      <Filter>Hooks</Filter>
    </ClInclude>
    <ClInclude Include="SDK\NetvarManager.h">
      <Filter>Header Files</Filter>
    </ClInclude>
    <ClInclude Include="Features\Stuff.h">
      <Filter>Features</Filter>
    </ClInclude>
    <ClInclude Include="Hooks\Prediction.h">
      <Filter>Hooks</Filter>
    </ClInclude>
    <ClInclude Include="Features\NoSpread.h">
      <Filter>Features</Filter>
    </ClInclude>
    <ClInclude Include="Features\Aimbot.h">
      <Filter>Features</Filter>
    </ClInclude>
    <ClInclude Include="GUI\Drawing.h">
      <Filter>GUI</Filter>
    </ClInclude>
    <ClInclude Include="GUI\GUI.h">
      <Filter>GUI</Filter>
    </ClInclude>
    <ClInclude Include="Vendor\md5.h">
      <Filter>Vendor</Filter>
    </ClInclude>
    <ClInclude Include="Vendor\ade32.h">
      <Filter>Vendor</Filter>
    </ClInclude>
    <ClInclude Include="Vendor\detours2.h">
      <Filter>Vendor</Filter>
    </ClInclude>
    <ClInclude Include="Core\NOTES.h">
      <Filter>Core</Filter>
    </ClInclude>
    <ClInclude Include="Features\Macro.h">
      <Filter>Features</Filter>
    </ClInclude>
    <ClInclude Include="Features\Recorder.h">
      <Filter>Features</Filter>
    </ClInclude>
    <ClInclude Include="Features\Resolver.h">
      <Filter>Features</Filter>
    </ClInclude>
    <ClInclude Include="Hooks\GameEventManager.h">
      <Filter>Hooks</Filter>
    </ClInclude>
    <ClInclude Include="Features\Whitelist.h">
      <Filter>Features</Filter>
    </ClInclude>
    <ClInclude Include="Vendor\XOR.h">
      <Filter>Vendor</Filter>
    </ClInclude>
    <ClInclude Include="Core\Config.h">
      <Filter>Core</Filter>
    </ClInclude>
    <ClInclude Include="ImGui\imconfig.h">
      <Filter>ImGui</Filter>
    </ClInclude>
    <ClInclude Include="ImGui\imgui.h">
      <Filter>ImGui</Filter>
    </ClInclude>
    <ClInclude Include="ImGui\imgui_impl_dx9.h">
      <Filter>ImGui</Filter>
    </ClInclude>
    <ClInclude Include="ImGui\imgui_impl_win32.h">
      <Filter>ImGui</Filter>
    </ClInclude>
    <ClInclude Include="ImGui\imgui_internal.h">
      <Filter>ImGui</Filter>
    </ClInclude>
    <ClInclude Include="ImGui\imstb_rectpack.h">
      <Filter>ImGui</Filter>
    </ClInclude>
    <ClInclude Include="ImGui\imstb_textedit.h">
      <Filter>ImGui</Filter>
    </ClInclude>
    <ClInclude Include="ImGui\imstb_truetype.h">
      <Filter>ImGui</Filter>
    </ClInclude>
  </ItemGroup>
  <ItemGroup>
    <ClCompile Include="Core\VMTHook.cpp">
      <Filter>Core</Filter>
    </ClCompile>
    <ClCompile Include="Core\Logger.cpp">
      <Filter>Core</Filter>
    </ClCompile>
    <ClCompile Include="Core\ModuleBases.cpp">
      <Filter>Core</Filter>
    </ClCompile>
    <ClCompile Include="Core\Main.cpp">
      <Filter>Core</Filter>
    </ClCompile>
    <ClCompile Include="Core\Hook.cpp">
      <Filter>Core</Filter>
    </ClCompile>
    <ClCompile Include="Hooks\D3D9Hook.cpp">
      <Filter>Hooks</Filter>
    </ClCompile>
    <ClCompile Include="Hooks\CreateMove.cpp">
      <Filter>Hooks</Filter>
    </ClCompile>
    <ClCompile Include="Hooks\GetUserCmd.cpp">
      <Filter>Hooks</Filter>
    </ClCompile>
    <ClCompile Include="Hooks\InPrediction.cpp">
      <Filter>Hooks</Filter>
    </ClCompile>
    <ClCompile Include="Hooks\PaintTraverse.cpp">
      <Filter>Hooks</Filter>
    </ClCompile>
    <ClCompile Include="SDK\NetvarManager.cpp">
      <Filter>Source Files</Filter>
    </ClCompile>
    <ClCompile Include="Features\Stuff.cpp">
      <Filter>Features</Filter>
    </ClCompile>
    <ClCompile Include="Hooks\Prediction.cpp">
      <Filter>Hooks</Filter>
    </ClCompile>
    <ClCompile Include="Features\NoSpread.cpp">
      <Filter>Features</Filter>
    </ClCompile>
    <ClCompile Include="Features\Aimbot.cpp">
      <Filter>Features</Filter>
    </ClCompile>
    <ClCompile Include="Hooks\CL_Move.cpp">
      <Filter>Hooks</Filter>
    </ClCompile>
    <ClCompile Include="Hooks\DrawModelEx.cpp">
      <Filter>Hooks</Filter>
    </ClCompile>
    <ClCompile Include="Hooks\RunCommand.cpp">
      <Filter>Hooks</Filter>
    </ClCompile>
    <ClCompile Include="Hooks\FindMaterial.cpp">
      <Filter>Hooks</Filter>
    </ClCompile>
    <ClCompile Include="Hooks\FireBullets.cpp">
      <Filter>Hooks</Filter>
    </ClCompile>
    <ClCompile Include="GUI\Drawing.cpp">
      <Filter>GUI</Filter>
    </ClCompile>
    <ClCompile Include="GUI\GUI.cpp">
      <Filter>GUI</Filter>
    </ClCompile>
    <ClCompile Include="Hooks\FrameStageNotify.cpp">
      <Filter>Hooks</Filter>
    </ClCompile>
    <ClCompile Include="Hooks\Interpolation.cpp">
      <Filter>Hooks</Filter>
    </ClCompile>
    <ClCompile Include="Vendor\ade32.cpp">
      <Filter>Vendor</Filter>
    </ClCompile>
    <ClCompile Include="Vendor\detours2.cpp">
      <Filter>Vendor</Filter>
    </ClCompile>
    <ClCompile Include="Features\Macro.cpp">
      <Filter>Features</Filter>
    </ClCompile>
    <ClCompile Include="Features\Recorder.cpp">
      <Filter>Features</Filter>
    </ClCompile>
    <ClCompile Include="Features\Resolver.cpp">
      <Filter>Features</Filter>
    </ClCompile>
    <ClCompile Include="Hooks\GameEventManager.cpp">
      <Filter>Hooks</Filter>
    </ClCompile>
    <ClCompile Include="Features\Whitelist.cpp">
      <Filter>Features</Filter>
    </ClCompile>
    <ClCompile Include="Hooks\KeyEvent.cpp">
      <Filter>Hooks</Filter>
    </ClCompile>
    <ClCompile Include="Core\Config.cpp">
      <Filter>Core</Filter>
    </ClCompile>
    <ClCompile Include="Hooks\OverrideView.cpp">
      <Filter>Hooks</Filter>
    </ClCompile>
    <ClCompile Include="ImGui\imgui.cpp">
      <Filter>ImGui</Filter>
    </ClCompile>
    <ClCompile Include="ImGui\imgui_draw.cpp">
      <Filter>ImGui</Filter>
    </ClCompile>
    <ClCompile Include="ImGui\imgui_impl_dx9.cpp">
      <Filter>ImGui</Filter>
    </ClCompile>
    <ClCompile Include="ImGui\imgui_impl_win32.cpp">
      <Filter>ImGui</Filter>
    </ClCompile>
    <ClCompile Include="ImGui\imgui_tables.cpp">
      <Filter>ImGui</Filter>
    </ClCompile>
    <ClCompile Include="ImGui\imgui_widgets.cpp">
      <Filter>ImGui</Filter>
    </ClCompile>
  </ItemGroup>
</Project>